
Microsoft Visual Studio Solution File, Format Version 12.00
# Visual Studio Version 16
VisualStudioVersion = 16.0.31605.320
MinimumVisualStudioVersion = 10.0.40219.1
Project("{FAE04EC0-301F-11D3-BF4B-00C04F79EFBC}") = "GridCalculadora.Android", "GridCalculadora\GridCalculadora.Android\GridCalculadora.Android.csproj", "{C6F6C20D-B9F9-4173-9909-670F643844E0}"
EndProject
Project("{FAE04EC0-301F-11D3-BF4B-00C04F79EFBC}") = "GridCalculadora.iOS", "GridCalculadora\GridCalculadora.iOS\GridCalculadora.iOS.csproj", "{F954F766-9ADD-40CE-B7C9-B9443B47178A}"
EndProject
Project("{FAE04EC0-301F-11D3-BF4B-00C04F79EFBC}") = "GridCalculadora", "GridCalculadora\GridCalculadora\GridCalculadora.csproj", "{04F055F8-DB98-4372-BE45-C5C7B8CE94E5}"
EndProject
Global
	GlobalSection(SolutionConfigurationPlatforms) = preSolution
		Debug|Any CPU = Debug|Any CPU
		Debug|iPhone = Debug|iPhone
		Debug|iPhoneSimulator = Debug|iPhoneSimulator
		Release|Any CPU = Release|Any CPU
		Release|iPhone = Release|iPhone
		Release|iPhoneSimulator = Release|iPhoneSimulator
	EndGlobalSection
	GlobalSection(ProjectConfigurationPlatforms) = postSolution
		{C6F6C20D-B9F9-4173-9909-670F643844E0}.Debug|Any CPU.ActiveCfg = Debug|Any CPU
		{C6F6C20D-B9F9-4173-9909-670F643844E0}.Debug|Any CPU.Build.0 = Debug|Any CPU
		{C6F6C20D-B9F9-4173-9909-670F643844E0}.Debug|Any CPU.Deploy.0 = Debug|Any CPU
		{C6F6C20D-B9F9-4173-9909-670F643844E0}.Debug|iPhone.ActiveCfg = Debug|Any CPU
		{C6F6C20D-B9F9-4173-9909-670F643844E0}.Debug|iPhone.Build.0 = Debug|Any CPU
		{C6F6C20D-B9F9-4173-9909-670F643844E0}.Debug|iPhone.Deploy.0 = Debug|Any CPU
		{C6F6C20D-B9F9-4173-9909-670F643844E0}.Debug|iPhoneSimulator.ActiveCfg = Debug|Any CPU
		{C6F6C20D-B9F9-4173-9909-670F643844E0}.Debug|iPhoneSimulator.Build.0 = Debug|Any CPU
		{C6F6C20D-B9F9-4173-9909-670F643844E0}.Debug|iPhoneSimulator.Deploy.0 = Debug|Any CPU
		{C6F6C20D-B9F9-4173-9909-670F643844E0}.Release|Any CPU.ActiveCfg = Release|Any CPU
		{C6F6C20D-B9F9-4173-9909-670F643844E0}.Release|Any CPU.Build.0 = Release|Any CPU
		{C6F6C20D-B9F9-4173-9909-670F643844E0}.Release|Any CPU.Deploy.0 = Release|Any CPU
		{C6F6C20D-B9F9-4173-9909-670F643844E0}.Release|iPhone.ActiveCfg = Release|Any CPU
		{C6F6C20D-B9F9-4173-9909-670F643844E0}.Release|iPhone.Build.0 = Release|Any CPU
		{C6F6C20D-B9F9-4173-9909-670F643844E0}.Release|iPhone.Deploy.0 = Release|Any CPU
		{C6F6C20D-B9F9-4173-9909-670F643844E0}.Release|iPhoneSimulator.ActiveCfg = Release|Any CPU
		{C6F6C20D-B9F9-4173-9909-670F643844E0}.Release|iPhoneSimulator.Build.0 = Release|Any CPU
		{C6F6C20D-B9F9-4173-9909-670F643844E0}.Release|iPhoneSimulator.Deploy.0 = Release|Any CPU
		{F954F766-9ADD-40CE-B7C9-B9443B47178A}.Debug|Any CPU.ActiveCfg = Debug|iPhone
		{F954F766-9ADD-40CE-B7C9-B9443B47178A}.Debug|Any CPU.Build.0 = Debug|iPhone
		{F954F766-9ADD-40CE-B7C9-B9443B47178A}.Debug|Any CPU.Deploy.0 = Debug|iPhone
		{F954F766-9ADD-40CE-B7C9-B9443B47178A}.Debug|iPhone.ActiveCfg = Debug|iPhone
		{F954F766-9ADD-40CE-B7C9-B9443B47178A}.Debug|iPhone.Build.0 = Debug|iPhone
		{F954F766-9ADD-40CE-B7C9-B9443B47178A}.Debug|iPhone.Deploy.0 = Debug|iPhone
		{F954F766-9ADD-40CE-B7C9-B9443B47178A}.Debug|iPhoneSimulator.ActiveCfg = Debug|iPhoneSimulator
		{F954F766-9ADD-40CE-B7C9-B9443B47178A}.Debug|iPhoneSimulator.Build.0 = Debug|iPhoneSimulator
		{F954F766-9ADD-40CE-B7C9-B9443B47178A}.Debug|iPhoneSimulator.Deploy.0 = Debug|iPhoneSimulator
		{F954F766-9ADD-40CE-B7C9-B9443B47178A}.Release|Any CPU.ActiveCfg = Release|iPhoneSimulator
		{F954F766-9ADD-40CE-B7C9-B9443B47178A}.Release|Any CPU.Build.0 = Release|iPhoneSimulator
		{F954F766-9ADD-40CE-B7C9-B9443B47178A}.Release|Any CPU.Deploy.0 = Release|iPhoneSimulator
		{F954F766-9ADD-40CE-B7C9-B9443B47178A}.Release|iPhone.ActiveCfg = Release|iPhone
		{F954F766-9ADD-40CE-B7C9-B9443B47178A}.Release|iPhone.Build.0 = Release|iPhone
		{F954F766-9ADD-40CE-B7C9-B9443B47178A}.Release|iPhone.Deploy.0 = Release|iPhone
		{F954F766-9ADD-40CE-B7C9-B9443B47178A}.Release|iPhoneSimulator.ActiveCfg = Release|iPhoneSimulator
		{F954F766-9ADD-40CE-B7C9-B9443B47178A}.Release|iPhoneSimulator.Build.0 = Release|iPhoneSimulator
		{F954F766-9ADD-40CE-B7C9-B9443B47178A}.Release|iPhoneSimulator.Deploy.0 = Release|iPhoneSimulator
		{04F055F8-DB98-4372-BE45-C5C7B8CE94E5}.Debug|Any CPU.ActiveCfg = Debug|Any CPU
		{04F055F8-DB98-4372-BE45-C5C7B8CE94E5}.Debug|Any CPU.Build.0 = Debug|Any CPU
		{04F055F8-DB98-4372-BE45-C5C7B8CE94E5}.Debug|Any CPU.Deploy.0 = Debug|Any CPU
		{04F055F8-DB98-4372-BE45-C5C7B8CE94E5}.Debug|iPhone.ActiveCfg = Debug|Any CPU
		{04F055F8-DB98-4372-BE45-C5C7B8CE94E5}.Debug|iPhone.Build.0 = Debug|Any CPU
		{04F055F8-DB98-4372-BE45-C5C7B8CE94E5}.Debug|iPhone.Deploy.0 = Debug|Any CPU
		{04F055F8-DB98-4372-BE45-C5C7B8CE94E5}.Debug|iPhoneSimulator.ActiveCfg = Debug|Any CPU
		{04F055F8-DB98-4372-BE45-C5C7B8CE94E5}.Debug|iPhoneSimulator.Build.0 = Debug|Any CPU
		{04F055F8-DB98-4372-BE45-C5C7B8CE94E5}.Debug|iPhoneSimulator.Deploy.0 = Debug|Any CPU
		{04F055F8-DB98-4372-BE45-C5C7B8CE94E5}.Release|Any CPU.ActiveCfg = Release|Any CPU
		{04F055F8-DB98-4372-BE45-C5C7B8CE94E5}.Release|Any CPU.Build.0 = Release|Any CPU
		{04F055F8-DB98-4372-BE45-C5C7B8CE94E5}.Release|Any CPU.Deploy.0 = Release|Any CPU
		{04F055F8-DB98-4372-BE45-C5C7B8CE94E5}.Release|iPhone.ActiveCfg = Release|Any CPU
		{04F055F8-DB98-4372-BE45-C5C7B8CE94E5}.Release|iPhone.Build.0 = Release|Any CPU
		{04F055F8-DB98-4372-BE45-C5C7B8CE94E5}.Release|iPhone.Deploy.0 = Release|Any CPU
		{04F055F8-DB98-4372-BE45-C5C7B8CE94E5}.Release|iPhoneSimulator.ActiveCfg = Release|Any CPU
		{04F055F8-DB98-4372-BE45-C5C7B8CE94E5}.Release|iPhoneSimulator.Build.0 = Release|Any CPU
		{04F055F8-DB98-4372-BE45-C5C7B8CE94E5}.Release|iPhoneSimulator.Deploy.0 = Release|Any CPU
	EndGlobalSection
	GlobalSection(SolutionProperties) = preSolution
		HideSolutionNode = FALSE
	EndGlobalSection
	GlobalSection(ExtensibilityGlobals) = postSolution
		SolutionGuid = {F01F6294-EE61-4378-9504-5BD9A73BEF01}
	EndGlobalSection
EndGlobal
